
Microsoft Visual Studio Solution File, Format Version 12.00
# Visual Studio Version 16
VisualStudioVersion = 16.0.30523.141
MinimumVisualStudioVersion = 10.0.40219.1
Project("{FAE04EC0-301F-11D3-BF4B-00C04F79EFBC}") = "GameBot", "GameBot/GameBot.csproj", "{D3652485-C98C-4C3A-87AB-EBB044E8059E}"
EndProject
Global
	GlobalSection(SolutionConfigurationPlatforms) = preSolution
		Debug|Any CPU = Debug|Any CPU
		Release|Any CPU = Release|Any CPU
	EndGlobalSection
	GlobalSection(ProjectConfigurationPlatforms) = postSolution
		{D3652485-C98C-4C3A-87AB-EBB044E8059E}.Debug|Any CPU.ActiveCfg = Debug|Any CPU
		{D3652485-C98C-4C3A-87AB-EBB044E8059E}.Debug|Any CPU.Build.0 = Debug|Any CPU
		{D3652485-C98C-4C3A-87AB-EBB044E8059E}.Release|Any CPU.ActiveCfg = Release|Any CPU
		{D3652485-C98C-4C3A-87AB-EBB044E8059E}.Release|Any CPU.Build.0 = Release|Any CPU
	EndGlobalSection
	GlobalSection(SolutionProperties) = preSolution
		HideSolutionNode = FALSE
	EndGlobalSection
	GlobalSection(ExtensibilityGlobals) = postSolution
		SolutionGuid = {4884B94B-5025-45C6-B198-D7B039D6A545}
	EndGlobalSection
EndGlobal
